
Microsoft Visual Studio Solution File, Format Version 12.00
# Visual Studio Version 16
VisualStudioVersion = 16.0.30804.86
MinimumVisualStudioVersion = 10.0.40219.1
Project("{9A19103F-16F7-4668-BE54-9A1E7A4F7556}") = "DataAccess", "DataAccess\DataAccess.csproj", "{9A81B9B1-3F92-4ADF-9E36-B70BF8D8BCC3}"
EndProject
Project("{9A19103F-16F7-4668-BE54-9A1E7A4F7556}") = "Entities", "Entities\Entities.csproj", "{F8506171-8FB3-4DF0-93BC-7EDD5E0AB013}"
EndProject
Project("{9A19103F-16F7-4668-BE54-9A1E7A4F7556}") = "Business", "Business\Business.csproj", "{64238C7A-980B-4370-8D6D-796F40C3A87C}"
EndProject
Project("{9A19103F-16F7-4668-BE54-9A1E7A4F7556}") = "ConsoleUI", "ConsoleUI\ConsoleUI.csproj", "{0DB53956-BF81-493B-8A13-8E3299567482}"
EndProject
Project("{9A19103F-16F7-4668-BE54-9A1E7A4F7556}") = "Core", "Core\Core.csproj", "{491F8493-FED1-4D9B-AF89-A8469570E1C6}"
EndProject
Project("{9A19103F-16F7-4668-BE54-9A1E7A4F7556}") = "WebAPI", "WebAPI\WebAPI.csproj", "{3488F2CE-9C33-4318-B912-F601301E32CC}"
EndProject
Global
	GlobalSection(SolutionConfigurationPlatforms) = preSolution
		Debug|Any CPU = Debug|Any CPU
		Release|Any CPU = Release|Any CPU
	EndGlobalSection
	GlobalSection(ProjectConfigurationPlatforms) = postSolution
		{9A81B9B1-3F92-4ADF-9E36-B70BF8D8BCC3}.Debug|Any CPU.ActiveCfg = Debug|Any CPU
		{9A81B9B1-3F92-4ADF-9E36-B70BF8D8BCC3}.Debug|Any CPU.Build.0 = Debug|Any CPU
		{9A81B9B1-3F92-4ADF-9E36-B70BF8D8BCC3}.Release|Any CPU.ActiveCfg = Release|Any CPU
		{9A81B9B1-3F92-4ADF-9E36-B70BF8D8BCC3}.Release|Any CPU.Build.0 = Release|Any CPU
		{F8506171-8FB3-4DF0-93BC-7EDD5E0AB013}.Debug|Any CPU.ActiveCfg = Debug|Any CPU
		{F8506171-8FB3-4DF0-93BC-7EDD5E0AB013}.Debug|Any CPU.Build.0 = Debug|Any CPU
		{F8506171-8FB3-4DF0-93BC-7EDD5E0AB013}.Release|Any CPU.ActiveCfg = Release|Any CPU
		{F8506171-8FB3-4DF0-93BC-7EDD5E0AB013}.Release|Any CPU.Build.0 = Release|Any CPU
		{64238C7A-980B-4370-8D6D-796F40C3A87C}.Debug|Any CPU.ActiveCfg = Debug|Any CPU
		{64238C7A-980B-4370-8D6D-796F40C3A87C}.Debug|Any CPU.Build.0 = Debug|Any CPU
		{64238C7A-980B-4370-8D6D-796F40C3A87C}.Release|Any CPU.ActiveCfg = Release|Any CPU
		{64238C7A-980B-4370-8D6D-796F40C3A87C}.Release|Any CPU.Build.0 = Release|Any CPU
		{0DB53956-BF81-493B-8A13-8E3299567482}.Debug|Any CPU.ActiveCfg = Debug|Any CPU
		{0DB53956-BF81-493B-8A13-8E3299567482}.Debug|Any CPU.Build.0 = Debug|Any CPU
		{0DB53956-BF81-493B-8A13-8E3299567482}.Release|Any CPU.ActiveCfg = Release|Any CPU
		{0DB53956-BF81-493B-8A13-8E3299567482}.Release|Any CPU.Build.0 = Release|Any CPU
		{491F8493-FED1-4D9B-AF89-A8469570E1C6}.Debug|Any CPU.ActiveCfg = Debug|Any CPU
		{491F8493-FED1-4D9B-AF89-A8469570E1C6}.Debug|Any CPU.Build.0 = Debug|Any CPU
		{491F8493-FED1-4D9B-AF89-A8469570E1C6}.Release|Any CPU.ActiveCfg = Release|Any CPU
		{491F8493-FED1-4D9B-AF89-A8469570E1C6}.Release|Any CPU.Build.0 = Release|Any CPU
		{3488F2CE-9C33-4318-B912-F601301E32CC}.Debug|Any CPU.ActiveCfg = Debug|Any CPU
		{3488F2CE-9C33-4318-B912-F601301E32CC}.Debug|Any CPU.Build.0 = Debug|Any CPU
		{3488F2CE-9C33-4318-B912-F601301E32CC}.Release|Any CPU.ActiveCfg = Release|Any CPU
		{3488F2CE-9C33-4318-B912-F601301E32CC}.Release|Any CPU.Build.0 = Release|Any CPU
	EndGlobalSection
	GlobalSection(SolutionProperties) = preSolution
		HideSolutionNode = FALSE
	EndGlobalSection
	GlobalSection(ExtensibilityGlobals) = postSolution
		SolutionGuid = {75DF3FAC-4609-4FEF-AC55-61BC3D731B30}
	EndGlobalSection
EndGlobal
